// !$*UTF8*$!
{
	archiveVersion = 1;
	classes = {
	};
	objectVersion = 50;
	objects = {

/* Begin PBXBuildFile section */
		6707F1D52727648D00953418 /* MenuDayView.swift in Sources */ = {isa = PBXBuildFile; fileRef = 6707F1D42727648D00953418 /* MenuDayView.swift */; };
		6707F1D7272768F600953418 /* MenuDayViewModel.swift in Sources */ = {isa = PBXBuildFile; fileRef = 6707F1D6272768F600953418 /* MenuDayViewModel.swift */; };
		67101B8F27387FB10070327B /* TimeFormatterTests.swift in Sources */ = {isa = PBXBuildFile; fileRef = 67101B8E27387FB10070327B /* TimeFormatterTests.swift */; };
		67121AD9266F14AE00004442 /* MenuViewModel.swift in Sources */ = {isa = PBXBuildFile; fileRef = 67121AD8266F14AE00004442 /* MenuViewModel.swift */; };
		671856FE2660608D005EB677 /* EventsManager.swift in Sources */ = {isa = PBXBuildFile; fileRef = 671856FD2660608D005EB677 /* EventsManager.swift */; };
		6718A54E266BD701007161B1 /* Event.swift in Sources */ = {isa = PBXBuildFile; fileRef = 6718A54D266BD701007161B1 /* Event.swift */; };
		6718A555266BDE9B007161B1 /* Bundle+Content.swift in Sources */ = {isa = PBXBuildFile; fileRef = 6718A554266BDE9B007161B1 /* Bundle+Content.swift */; };
		6718A559266BE384007161B1 /* Date+Formats.swift in Sources */ = {isa = PBXBuildFile; fileRef = 6718A558266BE384007161B1 /* Date+Formats.swift */; };
		6718A55B266BE498007161B1 /* JSONDecoder+Standard.swift in Sources */ = {isa = PBXBuildFile; fileRef = 6718A55A266BE498007161B1 /* JSONDecoder+Standard.swift */; };
		673BBA08265F432200F22219 /* AppDelegate.swift in Sources */ = {isa = PBXBuildFile; fileRef = 673BBA07265F432200F22219 /* AppDelegate.swift */; };
		673BBA0C265F432300F22219 /* Assets.xcassets in Resources */ = {isa = PBXBuildFile; fileRef = 673BBA0B265F432300F22219 /* Assets.xcassets */; };
		673BBA0F265F432300F22219 /* Main.storyboard in Resources */ = {isa = PBXBuildFile; fileRef = 673BBA0D265F432300F22219 /* Main.storyboard */; };
		673BBA26265F432300F22219 /* MortyUITests.swift in Sources */ = {isa = PBXBuildFile; fileRef = 673BBA25265F432300F22219 /* MortyUITests.swift */; };
		6775AFF92918407A00AB1400 /* Date+Calendar.swift in Sources */ = {isa = PBXBuildFile; fileRef = 6775AFF82918407A00AB1400 /* Date+Calendar.swift */; };
		6775AFFB291843D600AB1400 /* Calendar+Misc.swift in Sources */ = {isa = PBXBuildFile; fileRef = 6775AFFA291843D600AB1400 /* Calendar+Misc.swift */; };
		678B31EA2724870400CC0574 /* CalendarPickerViewModel.swift in Sources */ = {isa = PBXBuildFile; fileRef = 678B31E92724870400CC0574 /* CalendarPickerViewModel.swift */; };
		678B31EC2724960700CC0574 /* Settings.swift in Sources */ = {isa = PBXBuildFile; fileRef = 678B31EB2724960700CC0574 /* Settings.swift */; };
		678B31EE2724A75B00CC0574 /* EKCalendar+View.swift in Sources */ = {isa = PBXBuildFile; fileRef = 678B31ED2724A75B00CC0574 /* EKCalendar+View.swift */; };
		67DB4CA1272774FA001E62BD /* String+Symbols.swift in Sources */ = {isa = PBXBuildFile; fileRef = 67DB4CA0272774FA001E62BD /* String+Symbols.swift */; };
		67EE17FC29188EC60066394C /* DaySummary.swift in Sources */ = {isa = PBXBuildFile; fileRef = 67EE17FB29188EC60066394C /* DaySummary.swift */; };
		67EE1800291890530066394C /* TimeFormatter.swift in Sources */ = {isa = PBXBuildFile; fileRef = 67EE17FF291890530066394C /* TimeFormatter.swift */; };
		67EF68F7267678090005F99F /* CalendarPickerViewController.swift in Sources */ = {isa = PBXBuildFile; fileRef = 67EF68F6267678090005F99F /* CalendarPickerViewController.swift */; };
/* End PBXBuildFile section */

/* Begin PBXContainerItemProxy section */
		673BBA17265F432300F22219 /* PBXContainerItemProxy */ = {
			isa = PBXContainerItemProxy;
			containerPortal = 673BB9FC265F432200F22219 /* Project object */;
			proxyType = 1;
			remoteGlobalIDString = 673BBA03265F432200F22219;
			remoteInfo = Morty;
		};
		673BBA22265F432300F22219 /* PBXContainerItemProxy */ = {
			isa = PBXContainerItemProxy;
			containerPortal = 673BB9FC265F432200F22219 /* Project object */;
			proxyType = 1;
			remoteGlobalIDString = 673BBA03265F432200F22219;
			remoteInfo = Morty;
		};
/* End PBXContainerItemProxy section */

/* Begin PBXFileReference section */
		6707F1D42727648D00953418 /* MenuDayView.swift */ = {isa = PBXFileReference; lastKnownFileType = sourcecode.swift; path = MenuDayView.swift; sourceTree = "<group>"; };
		6707F1D6272768F600953418 /* MenuDayViewModel.swift */ = {isa = PBXFileReference; lastKnownFileType = sourcecode.swift; path = MenuDayViewModel.swift; sourceTree = "<group>"; };
		67101B8E27387FB10070327B /* TimeFormatterTests.swift */ = {isa = PBXFileReference; lastKnownFileType = sourcecode.swift; path = TimeFormatterTests.swift; sourceTree = "<group>"; };
		67121AD8266F14AE00004442 /* MenuViewModel.swift */ = {isa = PBXFileReference; lastKnownFileType = sourcecode.swift; path = MenuViewModel.swift; sourceTree = "<group>"; };
		671856FD2660608D005EB677 /* EventsManager.swift */ = {isa = PBXFileReference; lastKnownFileType = sourcecode.swift; path = EventsManager.swift; sourceTree = "<group>"; };
		6718A54D266BD701007161B1 /* Event.swift */ = {isa = PBXFileReference; lastKnownFileType = sourcecode.swift; path = Event.swift; sourceTree = "<group>"; };
		6718A554266BDE9B007161B1 /* Bundle+Content.swift */ = {isa = PBXFileReference; lastKnownFileType = sourcecode.swift; path = "Bundle+Content.swift"; sourceTree = "<group>"; };
		6718A558266BE384007161B1 /* Date+Formats.swift */ = {isa = PBXFileReference; lastKnownFileType = sourcecode.swift; path = "Date+Formats.swift"; sourceTree = "<group>"; };
		6718A55A266BE498007161B1 /* JSONDecoder+Standard.swift */ = {isa = PBXFileReference; lastKnownFileType = sourcecode.swift; path = "JSONDecoder+Standard.swift"; sourceTree = "<group>"; };
		673BBA04265F432200F22219 /* Morty.app */ = {isa = PBXFileReference; explicitFileType = wrapper.application; includeInIndex = 0; path = Morty.app; sourceTree = BUILT_PRODUCTS_DIR; };
		673BBA07265F432200F22219 /* AppDelegate.swift */ = {isa = PBXFileReference; lastKnownFileType = sourcecode.swift; path = AppDelegate.swift; sourceTree = "<group>"; };
		673BBA0B265F432300F22219 /* Assets.xcassets */ = {isa = PBXFileReference; lastKnownFileType = folder.assetcatalog; path = Assets.xcassets; sourceTree = "<group>"; };
		673BBA0E265F432300F22219 /* Base */ = {isa = PBXFileReference; lastKnownFileType = file.storyboard; name = Base; path = Base.lproj/Main.storyboard; sourceTree = "<group>"; };
		673BBA10265F432300F22219 /* Info.plist */ = {isa = PBXFileReference; lastKnownFileType = text.plist.xml; path = Info.plist; sourceTree = "<group>"; };
		673BBA11265F432300F22219 /* Morty.entitlements */ = {isa = PBXFileReference; lastKnownFileType = text.plist.entitlements; path = Morty.entitlements; sourceTree = "<group>"; };
		673BBA16265F432300F22219 /* MortyTests.xctest */ = {isa = PBXFileReference; explicitFileType = wrapper.cfbundle; includeInIndex = 0; path = MortyTests.xctest; sourceTree = BUILT_PRODUCTS_DIR; };
		673BBA1C265F432300F22219 /* Info.plist */ = {isa = PBXFileReference; lastKnownFileType = text.plist.xml; path = Info.plist; sourceTree = "<group>"; };
		673BBA21265F432300F22219 /* MortyUITests.xctest */ = {isa = PBXFileReference; explicitFileType = wrapper.cfbundle; includeInIndex = 0; path = MortyUITests.xctest; sourceTree = BUILT_PRODUCTS_DIR; };
		673BBA25265F432300F22219 /* MortyUITests.swift */ = {isa = PBXFileReference; lastKnownFileType = sourcecode.swift; path = MortyUITests.swift; sourceTree = "<group>"; };
		673BBA27265F432300F22219 /* Info.plist */ = {isa = PBXFileReference; lastKnownFileType = text.plist.xml; path = Info.plist; sourceTree = "<group>"; };
		6775AFF82918407A00AB1400 /* Date+Calendar.swift */ = {isa = PBXFileReference; lastKnownFileType = sourcecode.swift; path = "Date+Calendar.swift"; sourceTree = "<group>"; };
		6775AFFA291843D600AB1400 /* Calendar+Misc.swift */ = {isa = PBXFileReference; lastKnownFileType = sourcecode.swift; path = "Calendar+Misc.swift"; sourceTree = "<group>"; };
		678B31E92724870400CC0574 /* CalendarPickerViewModel.swift */ = {isa = PBXFileReference; lastKnownFileType = sourcecode.swift; path = CalendarPickerViewModel.swift; sourceTree = "<group>"; };
		678B31EB2724960700CC0574 /* Settings.swift */ = {isa = PBXFileReference; lastKnownFileType = sourcecode.swift; path = Settings.swift; sourceTree = "<group>"; };
		678B31ED2724A75B00CC0574 /* EKCalendar+View.swift */ = {isa = PBXFileReference; lastKnownFileType = sourcecode.swift; path = "EKCalendar+View.swift"; sourceTree = "<group>"; };
		67DB4CA0272774FA001E62BD /* String+Symbols.swift */ = {isa = PBXFileReference; lastKnownFileType = sourcecode.swift; path = "String+Symbols.swift"; sourceTree = "<group>"; };
		67EE17FB29188EC60066394C /* DaySummary.swift */ = {isa = PBXFileReference; lastKnownFileType = sourcecode.swift; path = DaySummary.swift; sourceTree = "<group>"; };
		67EE17FF291890530066394C /* TimeFormatter.swift */ = {isa = PBXFileReference; lastKnownFileType = sourcecode.swift; path = TimeFormatter.swift; sourceTree = "<group>"; };
		67EF68F6267678090005F99F /* CalendarPickerViewController.swift */ = {isa = PBXFileReference; lastKnownFileType = sourcecode.swift; path = CalendarPickerViewController.swift; sourceTree = "<group>"; };
/* End PBXFileReference section */

/* Begin PBXFrameworksBuildPhase section */
		673BBA01265F432200F22219 /* Frameworks */ = {
			isa = PBXFrameworksBuildPhase;
			buildActionMask = 2147483647;
			files = (
			);
			runOnlyForDeploymentPostprocessing = 0;
		};
		673BBA13265F432300F22219 /* Frameworks */ = {
			isa = PBXFrameworksBuildPhase;
			buildActionMask = 2147483647;
			files = (
			);
			runOnlyForDeploymentPostprocessing = 0;
		};
		673BBA1E265F432300F22219 /* Frameworks */ = {
			isa = PBXFrameworksBuildPhase;
			buildActionMask = 2147483647;
			files = (
			);
			runOnlyForDeploymentPostprocessing = 0;
		};
/* End PBXFrameworksBuildPhase section */

/* Begin PBXGroup section */
		6707F1D32727644200953418 /* MenuView */ = {
			isa = PBXGroup;
			children = (
				67121AD8266F14AE00004442 /* MenuViewModel.swift */,
				6707F1D42727648D00953418 /* MenuDayView.swift */,
				6707F1D6272768F600953418 /* MenuDayViewModel.swift */,
			);
			path = MenuView;
			sourceTree = "<group>";
		};
		671856FC2660607D005EB677 /* Managers */ = {
			isa = PBXGroup;
			children = (
				671856FD2660608D005EB677 /* EventsManager.swift */,
				678B31EB2724960700CC0574 /* Settings.swift */,
			);
			path = Managers;
			sourceTree = "<group>";
		};
		6718A54C266BD6D3007161B1 /* Models */ = {
			isa = PBXGroup;
			children = (
				6718A54D266BD701007161B1 /* Event.swift */,
				67EE17FB29188EC60066394C /* DaySummary.swift */,
			);
			path = Models;
			sourceTree = "<group>";
		};
		6718A553266BDE85007161B1 /* Extensions */ = {
			isa = PBXGroup;
			children = (
				6718A554266BDE9B007161B1 /* Bundle+Content.swift */,
				67DB4CA0272774FA001E62BD /* String+Symbols.swift */,
				678B31ED2724A75B00CC0574 /* EKCalendar+View.swift */,
				6718A558266BE384007161B1 /* Date+Formats.swift */,
				6775AFF82918407A00AB1400 /* Date+Calendar.swift */,
				6775AFFA291843D600AB1400 /* Calendar+Misc.swift */,
				6718A55A266BE498007161B1 /* JSONDecoder+Standard.swift */,
			);
			path = Extensions;
			sourceTree = "<group>";
		};
		673BB9FB265F432200F22219 = {
			isa = PBXGroup;
			children = (
				673BBA06265F432200F22219 /* Morty */,
				673BBA19265F432300F22219 /* MortyTests */,
				673BBA24265F432300F22219 /* MortyUITests */,
				673BBA05265F432200F22219 /* Products */,
			);
			sourceTree = "<group>";
		};
		673BBA05265F432200F22219 /* Products */ = {
			isa = PBXGroup;
			children = (
				673BBA04265F432200F22219 /* Morty.app */,
				673BBA16265F432300F22219 /* MortyTests.xctest */,
				673BBA21265F432300F22219 /* MortyUITests.xctest */,
			);
			name = Products;
			sourceTree = "<group>";
		};
		673BBA06265F432200F22219 /* Morty */ = {
			isa = PBXGroup;
			children = (
				673BBA07265F432200F22219 /* AppDelegate.swift */,
				678B31E8272486ED00CC0574 /* CalendarPicker */,
				6718A553266BDE85007161B1 /* Extensions */,
				67EE17FE291890360066394C /* Helpers */,
				671856FC2660607D005EB677 /* Managers */,
				6707F1D32727644200953418 /* MenuView */,
				6718A54C266BD6D3007161B1 /* Models */,
				673BBA0B265F432300F22219 /* Assets.xcassets */,
				673BBA0D265F432300F22219 /* Main.storyboard */,
				673BBA10265F432300F22219 /* Info.plist */,
				673BBA11265F432300F22219 /* Morty.entitlements */,
			);
			path = Morty;
			sourceTree = "<group>";
		};
		673BBA19265F432300F22219 /* MortyTests */ = {
			isa = PBXGroup;
			children = (
				67101B8E27387FB10070327B /* TimeFormatterTests.swift */,
				673BBA1C265F432300F22219 /* Info.plist */,
			);
			path = MortyTests;
			sourceTree = "<group>";
		};
		673BBA24265F432300F22219 /* MortyUITests */ = {
			isa = PBXGroup;
			children = (
				673BBA25265F432300F22219 /* MortyUITests.swift */,
				673BBA27265F432300F22219 /* Info.plist */,
			);
			path = MortyUITests;
			sourceTree = "<group>";
		};
		678B31E8272486ED00CC0574 /* CalendarPicker */ = {
			isa = PBXGroup;
			children = (
				67EF68F6267678090005F99F /* CalendarPickerViewController.swift */,
				678B31E92724870400CC0574 /* CalendarPickerViewModel.swift */,
			);
			path = CalendarPicker;
			sourceTree = "<group>";
		};
		67EE17FE291890360066394C /* Helpers */ = {
			isa = PBXGroup;
			children = (
				67EE17FF291890530066394C /* TimeFormatter.swift */,
			);
			path = Helpers;
			sourceTree = "<group>";
		};
/* End PBXGroup section */

/* Begin PBXNativeTarget section */
		673BBA03265F432200F22219 /* Morty */ = {
			isa = PBXNativeTarget;
			buildConfigurationList = 673BBA2A265F432300F22219 /* Build configuration list for PBXNativeTarget "Morty" */;
			buildPhases = (
				673BBA00265F432200F22219 /* Sources */,
				673BBA01265F432200F22219 /* Frameworks */,
				673BBA02265F432200F22219 /* Resources */,
				6718A55C266BE68E007161B1 /* ShellScript */,
			);
			buildRules = (
			);
			dependencies = (
			);
			name = Morty;
			productName = Morty;
			productReference = 673BBA04265F432200F22219 /* Morty.app */;
			productType = "com.apple.product-type.application";
		};
		673BBA15265F432300F22219 /* MortyTests */ = {
			isa = PBXNativeTarget;
			buildConfigurationList = 673BBA2D265F432300F22219 /* Build configuration list for PBXNativeTarget "MortyTests" */;
			buildPhases = (
				673BBA12265F432300F22219 /* Sources */,
				673BBA13265F432300F22219 /* Frameworks */,
				673BBA14265F432300F22219 /* Resources */,
			);
			buildRules = (
			);
			dependencies = (
				673BBA18265F432300F22219 /* PBXTargetDependency */,
			);
			name = MortyTests;
			productName = MortyTests;
			productReference = 673BBA16265F432300F22219 /* MortyTests.xctest */;
			productType = "com.apple.product-type.bundle.unit-test";
		};
		673BBA20265F432300F22219 /* MortyUITests */ = {
			isa = PBXNativeTarget;
			buildConfigurationList = 673BBA30265F432300F22219 /* Build configuration list for PBXNativeTarget "MortyUITests" */;
			buildPhases = (
				673BBA1D265F432300F22219 /* Sources */,
				673BBA1E265F432300F22219 /* Frameworks */,
				673BBA1F265F432300F22219 /* Resources */,
			);
			buildRules = (
			);
			dependencies = (
				673BBA23265F432300F22219 /* PBXTargetDependency */,
			);
			name = MortyUITests;
			productName = MortyUITests;
			productReference = 673BBA21265F432300F22219 /* MortyUITests.xctest */;
			productType = "com.apple.product-type.bundle.ui-testing";
		};
/* End PBXNativeTarget section */

/* Begin PBXProject section */
		673BB9FC265F432200F22219 /* Project object */ = {
			isa = PBXProject;
			attributes = {
				LastSwiftUpdateCheck = 1250;
				LastUpgradeCheck = 1250;
				TargetAttributes = {
					673BBA03265F432200F22219 = {
						CreatedOnToolsVersion = 12.5;
					};
					673BBA15265F432300F22219 = {
						CreatedOnToolsVersion = 12.5;
						TestTargetID = 673BBA03265F432200F22219;
					};
					673BBA20265F432300F22219 = {
						CreatedOnToolsVersion = 12.5;
						TestTargetID = 673BBA03265F432200F22219;
					};
				};
			};
			buildConfigurationList = 673BB9FF265F432200F22219 /* Build configuration list for PBXProject "Morty" */;
			compatibilityVersion = "Xcode 9.3";
			developmentRegion = en;
			hasScannedForEncodings = 0;
			knownRegions = (
				en,
				Base,
			);
			mainGroup = 673BB9FB265F432200F22219;
			productRefGroup = 673BBA05265F432200F22219 /* Products */;
			projectDirPath = "";
			projectRoot = "";
			targets = (
				673BBA03265F432200F22219 /* Morty */,
				673BBA15265F432300F22219 /* MortyTests */,
				673BBA20265F432300F22219 /* MortyUITests */,
			);
		};
/* End PBXProject section */

/* Begin PBXResourcesBuildPhase section */
		673BBA02265F432200F22219 /* Resources */ = {
			isa = PBXResourcesBuildPhase;
			buildActionMask = 2147483647;
			files = (
				673BBA0C265F432300F22219 /* Assets.xcassets in Resources */,
				673BBA0F265F432300F22219 /* Main.storyboard in Resources */,
			);
			runOnlyForDeploymentPostprocessing = 0;
		};
		673BBA14265F432300F22219 /* Resources */ = {
			isa = PBXResourcesBuildPhase;
			buildActionMask = 2147483647;
			files = (
			);
			runOnlyForDeploymentPostprocessing = 0;
		};
		673BBA1F265F432300F22219 /* Resources */ = {
			isa = PBXResourcesBuildPhase;
			buildActionMask = 2147483647;
			files = (
			);
			runOnlyForDeploymentPostprocessing = 0;
		};
/* End PBXResourcesBuildPhase section */

/* Begin PBXShellScriptBuildPhase section */
		6718A55C266BE68E007161B1 /* ShellScript */ = {
			isa = PBXShellScriptBuildPhase;
			buildActionMask = 2147483647;
			files = (
			);
			inputFileListPaths = (
			);
			inputPaths = (
			);
			outputFileListPaths = (
			);
			outputPaths = (
			);
			runOnlyForDeploymentPostprocessing = 0;
			shellPath = /bin/sh;
			shellScript = "# Adds support for Apple Silicon brew directory\nexport PATH=\"$PATH:/opt/homebrew/bin\"\n\nif which swiftlint; then\n    swiftlint\nelse\n  echo \"warning: SwiftLint not installed, download from https://github.com/realm/SwiftLint\"\nfi\n";
		};
/* End PBXShellScriptBuildPhase section */

/* Begin PBXSourcesBuildPhase section */
		673BBA00265F432200F22219 /* Sources */ = {
			isa = PBXSourcesBuildPhase;
			buildActionMask = 2147483647;
			files = (
				67EE17FC29188EC60066394C /* DaySummary.swift in Sources */,
				67EE1800291890530066394C /* TimeFormatter.swift in Sources */,
				6707F1D7272768F600953418 /* MenuDayViewModel.swift in Sources */,
				6707F1D52727648D00953418 /* MenuDayView.swift in Sources */,
				6718A555266BDE9B007161B1 /* Bundle+Content.swift in Sources */,
				678B31EE2724A75B00CC0574 /* EKCalendar+View.swift in Sources */,
				6775AFFB291843D600AB1400 /* Calendar+Misc.swift in Sources */,
				67DB4CA1272774FA001E62BD /* String+Symbols.swift in Sources */,
				678B31EC2724960700CC0574 /* Settings.swift in Sources */,
				6718A54E266BD701007161B1 /* Event.swift in Sources */,
				6775AFF92918407A00AB1400 /* Date+Calendar.swift in Sources */,
				678B31EA2724870400CC0574 /* CalendarPickerViewModel.swift in Sources */,
				673BBA08265F432200F22219 /* AppDelegate.swift in Sources */,
				67EF68F7267678090005F99F /* CalendarPickerViewController.swift in Sources */,
				6718A55B266BE498007161B1 /* JSONDecoder+Standard.swift in Sources */,
				67121AD9266F14AE00004442 /* MenuViewModel.swift in Sources */,
				671856FE2660608D005EB677 /* EventsManager.swift in Sources */,
				6718A559266BE384007161B1 /* Date+Formats.swift in Sources */,
			);
			runOnlyForDeploymentPostprocessing = 0;
		};
		673BBA12265F432300F22219 /* Sources */ = {
			isa = PBXSourcesBuildPhase;
			buildActionMask = 2147483647;
			files = (
				67101B8F27387FB10070327B /* TimeFormatterTests.swift in Sources */,
			);
			runOnlyForDeploymentPostprocessing = 0;
		};
		673BBA1D265F432300F22219 /* Sources */ = {
			isa = PBXSourcesBuildPhase;
			buildActionMask = 2147483647;
			files = (
				673BBA26265F432300F22219 /* MortyUITests.swift in Sources */,
			);
			runOnlyForDeploymentPostprocessing = 0;
		};
/* End PBXSourcesBuildPhase section */

/* Begin PBXTargetDependency section */
		673BBA18265F432300F22219 /* PBXTargetDependency */ = {
			isa = PBXTargetDependency;
			target = 673BBA03265F432200F22219 /* Morty */;
			targetProxy = 673BBA17265F432300F22219 /* PBXContainerItemProxy */;
		};
		673BBA23265F432300F22219 /* PBXTargetDependency */ = {
			isa = PBXTargetDependency;
			target = 673BBA03265F432200F22219 /* Morty */;
			targetProxy = 673BBA22265F432300F22219 /* PBXContainerItemProxy */;
		};
/* End PBXTargetDependency section */

/* Begin PBXVariantGroup section */
		673BBA0D265F432300F22219 /* Main.storyboard */ = {
			isa = PBXVariantGroup;
			children = (
				673BBA0E265F432300F22219 /* Base */,
			);
			name = Main.storyboard;
			sourceTree = "<group>";
		};
/* End PBXVariantGroup section */

/* Begin XCBuildConfiguration section */
		673BBA28265F432300F22219 /* Debug */ = {
			isa = XCBuildConfiguration;
			buildSettings = {
				ALWAYS_SEARCH_USER_PATHS = NO;
				CLANG_ANALYZER_NONNULL = YES;
				CLANG_ANALYZER_NUMBER_OBJECT_CONVERSION = YES_AGGRESSIVE;
				CLANG_CXX_LANGUAGE_STANDARD = "gnu++14";
				CLANG_CXX_LIBRARY = "libc++";
				CLANG_ENABLE_MODULES = YES;
				CLANG_ENABLE_OBJC_ARC = YES;
				CLANG_ENABLE_OBJC_WEAK = YES;
				CLANG_WARN_BLOCK_CAPTURE_AUTORELEASING = YES;
				CLANG_WARN_BOOL_CONVERSION = YES;
				CLANG_WARN_COMMA = YES;
				CLANG_WARN_CONSTANT_CONVERSION = YES;
				CLANG_WARN_DEPRECATED_OBJC_IMPLEMENTATIONS = YES;
				CLANG_WARN_DIRECT_OBJC_ISA_USAGE = YES_ERROR;
				CLANG_WARN_DOCUMENTATION_COMMENTS = YES;
				CLANG_WARN_EMPTY_BODY = YES;
				CLANG_WARN_ENUM_CONVERSION = YES;
				CLANG_WARN_INFINITE_RECURSION = YES;
				CLANG_WARN_INT_CONVERSION = YES;
				CLANG_WARN_NON_LITERAL_NULL_CONVERSION = YES;
				CLANG_WARN_OBJC_IMPLICIT_RETAIN_SELF = YES;
				CLANG_WARN_OBJC_LITERAL_CONVERSION = YES;
				CLANG_WARN_OBJC_ROOT_CLASS = YES_ERROR;
				CLANG_WARN_QUOTED_INCLUDE_IN_FRAMEWORK_HEADER = YES;
				CLANG_WARN_RANGE_LOOP_ANALYSIS = YES;
				CLANG_WARN_STRICT_PROTOTYPES = YES;
				CLANG_WARN_SUSPICIOUS_MOVE = YES;
				CLANG_WARN_UNGUARDED_AVAILABILITY = YES_AGGRESSIVE;
				CLANG_WARN_UNREACHABLE_CODE = YES;
				CLANG_WARN__DUPLICATE_METHOD_MATCH = YES;
				COPY_PHASE_STRIP = NO;
				DEBUG_INFORMATION_FORMAT = dwarf;
				ENABLE_STRICT_OBJC_MSGSEND = YES;
				ENABLE_TESTABILITY = YES;
				GCC_C_LANGUAGE_STANDARD = gnu11;
				GCC_DYNAMIC_NO_PIC = NO;
				GCC_NO_COMMON_BLOCKS = YES;
				GCC_OPTIMIZATION_LEVEL = 0;
				GCC_PREPROCESSOR_DEFINITIONS = (
					"DEBUG=1",
					"$(inherited)",
				);
				GCC_WARN_64_TO_32_BIT_CONVERSION = YES;
				GCC_WARN_ABOUT_RETURN_TYPE = YES_ERROR;
				GCC_WARN_UNDECLARED_SELECTOR = YES;
				GCC_WARN_UNINITIALIZED_AUTOS = YES_AGGRESSIVE;
				GCC_WARN_UNUSED_FUNCTION = YES;
				GCC_WARN_UNUSED_VARIABLE = YES;
				MACOSX_DEPLOYMENT_TARGET = 11.3;
				MTL_ENABLE_DEBUG_INFO = INCLUDE_SOURCE;
				MTL_FAST_MATH = YES;
				ONLY_ACTIVE_ARCH = YES;
				SDKROOT = macosx;
				SWIFT_ACTIVE_COMPILATION_CONDITIONS = DEBUG;
				SWIFT_OPTIMIZATION_LEVEL = "-Onone";
			};
			name = Debug;
		};
		673BBA29265F432300F22219 /* Release */ = {
			isa = XCBuildConfiguration;
			buildSettings = {
				ALWAYS_SEARCH_USER_PATHS = NO;
				CLANG_ANALYZER_NONNULL = YES;
				CLANG_ANALYZER_NUMBER_OBJECT_CONVERSION = YES_AGGRESSIVE;
				CLANG_CXX_LANGUAGE_STANDARD = "gnu++14";
				CLANG_CXX_LIBRARY = "libc++";
				CLANG_ENABLE_MODULES = YES;
				CLANG_ENABLE_OBJC_ARC = YES;
				CLANG_ENABLE_OBJC_WEAK = YES;
				CLANG_WARN_BLOCK_CAPTURE_AUTORELEASING = YES;
				CLANG_WARN_BOOL_CONVERSION = YES;
				CLANG_WARN_COMMA = YES;
				CLANG_WARN_CONSTANT_CONVERSION = YES;
				CLANG_WARN_DEPRECATED_OBJC_IMPLEMENTATIONS = YES;
				CLANG_WARN_DIRECT_OBJC_ISA_USAGE = YES_ERROR;
				CLANG_WARN_DOCUMENTATION_COMMENTS = YES;
				CLANG_WARN_EMPTY_BODY = YES;
				CLANG_WARN_ENUM_CONVERSION = YES;
				CLANG_WARN_INFINITE_RECURSION = YES;
				CLANG_WARN_INT_CONVERSION = YES;
				CLANG_WARN_NON_LITERAL_NULL_CONVERSION = YES;
				CLANG_WARN_OBJC_IMPLICIT_RETAIN_SELF = YES;
				CLANG_WARN_OBJC_LITERAL_CONVERSION = YES;
				CLANG_WARN_OBJC_ROOT_CLASS = YES_ERROR;
				CLANG_WARN_QUOTED_INCLUDE_IN_FRAMEWORK_HEADER = YES;
				CLANG_WARN_RANGE_LOOP_ANALYSIS = YES;
				CLANG_WARN_STRICT_PROTOTYPES = YES;
				CLANG_WARN_SUSPICIOUS_MOVE = YES;
				CLANG_WARN_UNGUARDED_AVAILABILITY = YES_AGGRESSIVE;
				CLANG_WARN_UNREACHABLE_CODE = YES;
				CLANG_WARN__DUPLICATE_METHOD_MATCH = YES;
				COPY_PHASE_STRIP = NO;
				DEBUG_INFORMATION_FORMAT = "dwarf-with-dsym";
				ENABLE_NS_ASSERTIONS = NO;
				ENABLE_STRICT_OBJC_MSGSEND = YES;
				GCC_C_LANGUAGE_STANDARD = gnu11;
				GCC_NO_COMMON_BLOCKS = YES;
				GCC_WARN_64_TO_32_BIT_CONVERSION = YES;
				GCC_WARN_ABOUT_RETURN_TYPE = YES_ERROR;
				GCC_WARN_UNDECLARED_SELECTOR = YES;
				GCC_WARN_UNINITIALIZED_AUTOS = YES_AGGRESSIVE;
				GCC_WARN_UNUSED_FUNCTION = YES;
				GCC_WARN_UNUSED_VARIABLE = YES;
				MACOSX_DEPLOYMENT_TARGET = 11.3;
				MTL_ENABLE_DEBUG_INFO = NO;
				MTL_FAST_MATH = YES;
				SDKROOT = macosx;
				SWIFT_COMPILATION_MODE = wholemodule;
				SWIFT_OPTIMIZATION_LEVEL = "-O";
			};
			name = Release;
		};
		673BBA2B265F432300F22219 /* Debug */ = {
			isa = XCBuildConfiguration;
			buildSettings = {
				ASSETCATALOG_COMPILER_APPICON_NAME = AppIcon;
				ASSETCATALOG_COMPILER_GLOBAL_ACCENT_COLOR_NAME = AccentColor;
				CODE_SIGN_ENTITLEMENTS = Morty/Morty.entitlements;
				CODE_SIGN_STYLE = Automatic;
				COMBINE_HIDPI_IMAGES = YES;
				DEVELOPMENT_TEAM = WUJDMCZJWL;
				ENABLE_HARDENED_RUNTIME = YES;
				INFOPLIST_FILE = Morty/Info.plist;
				LD_RUNPATH_SEARCH_PATHS = (
					"$(inherited)",
					"@executable_path/../Frameworks",
				);
				MARKETING_VERSION = 1.2.0;
				PRODUCT_BUNDLE_IDENTIFIER = com.betzerra.Morty;
				PRODUCT_NAME = "$(TARGET_NAME)";
				SWIFT_VERSION = 5.0;
			};
			name = Debug;
		};
		673BBA2C265F432300F22219 /* Release */ = {
			isa = XCBuildConfiguration;
			buildSettings = {
				ASSETCATALOG_COMPILER_APPICON_NAME = AppIcon;
				ASSETCATALOG_COMPILER_GLOBAL_ACCENT_COLOR_NAME = AccentColor;
				CODE_SIGN_ENTITLEMENTS = Morty/Morty.entitlements;
				CODE_SIGN_STYLE = Automatic;
				COMBINE_HIDPI_IMAGES = YES;
				DEVELOPMENT_TEAM = WUJDMCZJWL;
				ENABLE_HARDENED_RUNTIME = YES;
				INFOPLIST_FILE = Morty/Info.plist;
				LD_RUNPATH_SEARCH_PATHS = (
					"$(inherited)",
					"@executable_path/../Frameworks",
				);
				MARKETING_VERSION = 1.2.0;
				PRODUCT_BUNDLE_IDENTIFIER = com.betzerra.Morty;
				PRODUCT_NAME = "$(TARGET_NAME)";
				SWIFT_VERSION = 5.0;
			};
			name = Release;
		};
		673BBA2E265F432300F22219 /* Debug */ = {
			isa = XCBuildConfiguration;
			buildSettings = {
				ALWAYS_EMBED_SWIFT_STANDARD_LIBRARIES = YES;
				BUNDLE_LOADER = "$(TEST_HOST)";
				CODE_SIGN_STYLE = Automatic;
				COMBINE_HIDPI_IMAGES = YES;
				DEVELOPMENT_TEAM = WUJDMCZJWL;
				INFOPLIST_FILE = MortyTests/Info.plist;
				LD_RUNPATH_SEARCH_PATHS = (
					"$(inherited)",
					"@executable_path/../Frameworks",
					"@loader_path/../Frameworks",
				);
				MACOSX_DEPLOYMENT_TARGET = 11.3;
				PRODUCT_BUNDLE_IDENTIFIER = com.betzerra.MortyTests;
				PRODUCT_NAME = "$(TARGET_NAME)";
				SWIFT_VERSION = 5.0;
				TEST_HOST = "$(BUILT_PRODUCTS_DIR)/Morty.app/Contents/MacOS/Morty";
			};
			name = Debug;
		};
		673BBA2F265F432300F22219 /* Release */ = {
			isa = XCBuildConfiguration;
			buildSettings = {
				ALWAYS_EMBED_SWIFT_STANDARD_LIBRARIES = YES;
				BUNDLE_LOADER = "$(TEST_HOST)";
				CODE_SIGN_STYLE = Automatic;
				COMBINE_HIDPI_IMAGES = YES;
				DEVELOPMENT_TEAM = WUJDMCZJWL;
				INFOPLIST_FILE = MortyTests/Info.plist;
				LD_RUNPATH_SEARCH_PATHS = (
					"$(inherited)",
					"@executable_path/../Frameworks",
					"@loader_path/../Frameworks",
				);
				MACOSX_DEPLOYMENT_TARGET = 11.3;
				PRODUCT_BUNDLE_IDENTIFIER = com.betzerra.MortyTests;
				PRODUCT_NAME = "$(TARGET_NAME)";
				SWIFT_VERSION = 5.0;
				TEST_HOST = "$(BUILT_PRODUCTS_DIR)/Morty.app/Contents/MacOS/Morty";
			};
			name = Release;
		};
		673BBA31265F432300F22219 /* Debug */ = {
			isa = XCBuildConfiguration;
			buildSettings = {
				ALWAYS_EMBED_SWIFT_STANDARD_LIBRARIES = YES;
				CODE_SIGN_STYLE = Automatic;
				COMBINE_HIDPI_IMAGES = YES;
				DEVELOPMENT_TEAM = WUJDMCZJWL;
				INFOPLIST_FILE = MortyUITests/Info.plist;
				LD_RUNPATH_SEARCH_PATHS = (
					"$(inherited)",
					"@executable_path/../Frameworks",
					"@loader_path/../Frameworks",
				);
				PRODUCT_BUNDLE_IDENTIFIER = com.betzerra.MortyUITests;
				PRODUCT_NAME = "$(TARGET_NAME)";
				SWIFT_VERSION = 5.0;
				TEST_TARGET_NAME = Morty;
			};
			name = Debug;
		};
		673BBA32265F432300F22219 /* Release */ = {
			isa = XCBuildConfiguration;
			buildSettings = {
				ALWAYS_EMBED_SWIFT_STANDARD_LIBRARIES = YES;
				CODE_SIGN_STYLE = Automatic;
				COMBINE_HIDPI_IMAGES = YES;
				DEVELOPMENT_TEAM = WUJDMCZJWL;
				INFOPLIST_FILE = MortyUITests/Info.plist;
				LD_RUNPATH_SEARCH_PATHS = (
					"$(inherited)",
					"@executable_path/../Frameworks",
					"@loader_path/../Frameworks",
				);
				PRODUCT_BUNDLE_IDENTIFIER = com.betzerra.MortyUITests;
				PRODUCT_NAME = "$(TARGET_NAME)";
				SWIFT_VERSION = 5.0;
				TEST_TARGET_NAME = Morty;
			};
			name = Release;
		};
/* End XCBuildConfiguration section */

/* Begin XCConfigurationList section */
		673BB9FF265F432200F22219 /* Build configuration list for PBXProject "Morty" */ = {
			isa = XCConfigurationList;
			buildConfigurations = (
				673BBA28265F432300F22219 /* Debug */,
				673BBA29265F432300F22219 /* Release */,
			);
			defaultConfigurationIsVisible = 0;
			defaultConfigurationName = Release;
		};
		673BBA2A265F432300F22219 /* Build configuration list for PBXNativeTarget "Morty" */ = {
			isa = XCConfigurationList;
			buildConfigurations = (
				673BBA2B265F432300F22219 /* Debug */,
				673BBA2C265F432300F22219 /* Release */,
			);
			defaultConfigurationIsVisible = 0;
			defaultConfigurationName = Release;
		};
		673BBA2D265F432300F22219 /* Build configuration list for PBXNativeTarget "MortyTests" */ = {
			isa = XCConfigurationList;
			buildConfigurations = (
				673BBA2E265F432300F22219 /* Debug */,
				673BBA2F265F432300F22219 /* Release */,
			);
			defaultConfigurationIsVisible = 0;
			defaultConfigurationName = Release;
		};
		673BBA30265F432300F22219 /* Build configuration list for PBXNativeTarget "MortyUITests" */ = {
			isa = XCConfigurationList;
			buildConfigurations = (
				673BBA31265F432300F22219 /* Debug */,
				673BBA32265F432300F22219 /* Release */,
			);
			defaultConfigurationIsVisible = 0;
			defaultConfigurationName = Release;
		};
/* End XCConfigurationList section */
	};
	rootObject = 673BB9FC265F432200F22219 /* Project object */;
}
